
Microsoft Visual Studio Solution File, Format Version 12.00
# Visual Studio Version 16
VisualStudioVersion = 16.0.29709.97
MinimumVisualStudioVersion = 10.0.40219.1
Project("{9A19103F-16F7-4668-BE54-9A1E7A4F7556}") = "Pasta.Screenshot", "Pasta.Screenshot\Pasta.Screenshot.csproj", "{7FB7941A-FC4C-45B6-9739-20120E2C5FE7}"
	ProjectSection(ProjectDependencies) = postProject
		{8D4BEB0B-F791-4408-B4C3-1AAE644CFA61} = {8D4BEB0B-F791-4408-B4C3-1AAE644CFA61}
		{93E9A65D-54C7-40F4-B89D-0263BAE020A7} = {93E9A65D-54C7-40F4-B89D-0263BAE020A7}
		{833FDFCD-C8E6-42F2-AA63-66D155629114} = {833FDFCD-C8E6-42F2-AA63-66D155629114}
	EndProjectSection
EndProject
Project("{9A19103F-16F7-4668-BE54-9A1E7A4F7556}") = "Pasta.Core", "Pasta.Core\Pasta.Core.csproj", "{54BCD403-F0A7-4726-8381-E00A0ED8946A}"
EndProject
Project("{9A19103F-16F7-4668-BE54-9A1E7A4F7556}") = "Pasta.BasicEffects", "Pasta.BasicEffects\Pasta.BasicEffects.csproj", "{8D4BEB0B-F791-4408-B4C3-1AAE644CFA61}"
EndProject
Project("{9A19103F-16F7-4668-BE54-9A1E7A4F7556}") = "Pasta.BasicExport", "Pasta.BasicExport\Pasta.BasicExport.csproj", "{93E9A65D-54C7-40F4-B89D-0263BAE020A7}"
EndProject
Project("{2150E333-8FDC-42A3-9474-1A3956D46DE8}") = "Tests", "Tests", "{BC10F827-2015-40D2-B9DF-9FDE7C519EB5}"
EndProject
Project("{9A19103F-16F7-4668-BE54-9A1E7A4F7556}") = "Pasta.BasicEffects.UnitTests", "Pasta.BasicEffects.UnitTests\Pasta.BasicEffects.UnitTests.csproj", "{1A15FFD4-C62A-4750-9238-C60FA654C76B}"
EndProject
Project("{9A19103F-16F7-4668-BE54-9A1E7A4F7556}") = "Pasta.Plugin", "Pasta.Plugin\Pasta.Plugin.csproj", "{AD924D97-B5E2-4E66-A35C-CD0359AFC8A8}"
EndProject
Project("{9A19103F-16F7-4668-BE54-9A1E7A4F7556}") = "Pasta.OcrExport", "Pasta.OcrExport\Pasta.OcrExport.csproj", "{833FDFCD-C8E6-42F2-AA63-66D155629114}"
EndProject
Project("{9A19103F-16F7-4668-BE54-9A1E7A4F7556}") = "Pasta.Editor", "Pasta.Editor\Pasta.Editor.csproj", "{DDACDCDD-F002-47F0-9D11-A235E28A4D04}"
EndProject
Project("{2150E333-8FDC-42A3-9474-1A3956D46DE8}") = "Solution Items", "Solution Items", "{D30B76F6-90C6-4989-94E2-88EBCB48CFB6}"
	ProjectSection(SolutionItems) = preProject
		.editorconfig = .editorconfig
	EndProjectSection
EndProject
Global
	GlobalSection(SolutionConfigurationPlatforms) = preSolution
		Debug|Any CPU = Debug|Any CPU
		Release|Any CPU = Release|Any CPU
	EndGlobalSection
	GlobalSection(ProjectConfigurationPlatforms) = postSolution
		{7FB7941A-FC4C-45B6-9739-20120E2C5FE7}.Debug|Any CPU.ActiveCfg = Debug|Any CPU
		{7FB7941A-FC4C-45B6-9739-20120E2C5FE7}.Debug|Any CPU.Build.0 = Debug|Any CPU
		{7FB7941A-FC4C-45B6-9739-20120E2C5FE7}.Release|Any CPU.ActiveCfg = Release|Any CPU
		{7FB7941A-FC4C-45B6-9739-20120E2C5FE7}.Release|Any CPU.Build.0 = Release|Any CPU
		{54BCD403-F0A7-4726-8381-E00A0ED8946A}.Debug|Any CPU.ActiveCfg = Debug|Any CPU
		{54BCD403-F0A7-4726-8381-E00A0ED8946A}.Debug|Any CPU.Build.0 = Debug|Any CPU
		{54BCD403-F0A7-4726-8381-E00A0ED8946A}.Release|Any CPU.ActiveCfg = Release|Any CPU
		{54BCD403-F0A7-4726-8381-E00A0ED8946A}.Release|Any CPU.Build.0 = Release|Any CPU
		{8D4BEB0B-F791-4408-B4C3-1AAE644CFA61}.Debug|Any CPU.ActiveCfg = Debug|Any CPU
		{8D4BEB0B-F791-4408-B4C3-1AAE644CFA61}.Debug|Any CPU.Build.0 = Debug|Any CPU
		{8D4BEB0B-F791-4408-B4C3-1AAE644CFA61}.Release|Any CPU.ActiveCfg = Release|Any CPU
		{8D4BEB0B-F791-4408-B4C3-1AAE644CFA61}.Release|Any CPU.Build.0 = Release|Any CPU
		{93E9A65D-54C7-40F4-B89D-0263BAE020A7}.Debug|Any CPU.ActiveCfg = Debug|Any CPU
		{93E9A65D-54C7-40F4-B89D-0263BAE020A7}.Debug|Any CPU.Build.0 = Debug|Any CPU
		{93E9A65D-54C7-40F4-B89D-0263BAE020A7}.Release|Any CPU.ActiveCfg = Release|Any CPU
		{93E9A65D-54C7-40F4-B89D-0263BAE020A7}.Release|Any CPU.Build.0 = Release|Any CPU
		{1A15FFD4-C62A-4750-9238-C60FA654C76B}.Debug|Any CPU.ActiveCfg = Debug|Any CPU
		{1A15FFD4-C62A-4750-9238-C60FA654C76B}.Debug|Any CPU.Build.0 = Debug|Any CPU
		{1A15FFD4-C62A-4750-9238-C60FA654C76B}.Release|Any CPU.ActiveCfg = Release|Any CPU
		{1A15FFD4-C62A-4750-9238-C60FA654C76B}.Release|Any CPU.Build.0 = Release|Any CPU
		{AD924D97-B5E2-4E66-A35C-CD0359AFC8A8}.Debug|Any CPU.ActiveCfg = Debug|Any CPU
		{AD924D97-B5E2-4E66-A35C-CD0359AFC8A8}.Debug|Any CPU.Build.0 = Debug|Any CPU
		{AD924D97-B5E2-4E66-A35C-CD0359AFC8A8}.Release|Any CPU.ActiveCfg = Release|Any CPU
		{AD924D97-B5E2-4E66-A35C-CD0359AFC8A8}.Release|Any CPU.Build.0 = Release|Any CPU
		{833FDFCD-C8E6-42F2-AA63-66D155629114}.Debug|Any CPU.ActiveCfg = Debug|Any CPU
		{833FDFCD-C8E6-42F2-AA63-66D155629114}.Debug|Any CPU.Build.0 = Debug|Any CPU
		{833FDFCD-C8E6-42F2-AA63-66D155629114}.Release|Any CPU.ActiveCfg = Release|Any CPU
		{833FDFCD-C8E6-42F2-AA63-66D155629114}.Release|Any CPU.Build.0 = Release|Any CPU
		{DDACDCDD-F002-47F0-9D11-A235E28A4D04}.Debug|Any CPU.ActiveCfg = Debug|Any CPU
		{DDACDCDD-F002-47F0-9D11-A235E28A4D04}.Debug|Any CPU.Build.0 = Debug|Any CPU
		{DDACDCDD-F002-47F0-9D11-A235E28A4D04}.Release|Any CPU.ActiveCfg = Release|Any CPU
		{DDACDCDD-F002-47F0-9D11-A235E28A4D04}.Release|Any CPU.Build.0 = Release|Any CPU
	EndGlobalSection
	GlobalSection(SolutionProperties) = preSolution
		HideSolutionNode = FALSE
	EndGlobalSection
	GlobalSection(NestedProjects) = preSolution
		{1A15FFD4-C62A-4750-9238-C60FA654C76B} = {BC10F827-2015-40D2-B9DF-9FDE7C519EB5}
	EndGlobalSection
	GlobalSection(ExtensibilityGlobals) = postSolution
		SolutionGuid = {51219FB7-285E-41C9-9C21-F22D01F46F0E}
	EndGlobalSection
EndGlobal
